
Microsoft Visual Studio Solution File, Format Version 12.00
# Visual Studio Version 17
VisualStudioVersion = 17.9.34310.174
MinimumVisualStudioVersion = 10.0.40219.1
Project("{F2A71F9B-5D33-465A-A702-920D77279786}") = "DMS", "DMS.fsproj", "{C529E5ED-E69D-4996-86F1-3AC656A1DBA1}"
EndProject
Global
	GlobalSection(SolutionConfigurationPlatforms) = preSolution
		Debug|Any CPU = Debug|Any CPU
		Release|Any CPU = Release|Any CPU
	EndGlobalSection
	GlobalSection(ProjectConfigurationPlatforms) = postSolution
		{C529E5ED-E69D-4996-86F1-3AC656A1DBA1}.Debug|Any CPU.ActiveCfg = Debug|Any CPU
		{C529E5ED-E69D-4996-86F1-3AC656A1DBA1}.Debug|Any CPU.Build.0 = Debug|Any CPU
		{C529E5ED-E69D-4996-86F1-3AC656A1DBA1}.Release|Any CPU.ActiveCfg = Release|Any CPU
		{C529E5ED-E69D-4996-86F1-3AC656A1DBA1}.Release|Any CPU.Build.0 = Release|Any CPU
	EndGlobalSection
	GlobalSection(SolutionProperties) = preSolution
		HideSolutionNode = FALSE
	EndGlobalSection
	GlobalSection(ExtensibilityGlobals) = postSolution
		SolutionGuid = {832F7F02-D040-4A9E-944A-737B0E73B856}
	EndGlobalSection
EndGlobal
